// !$*UTF8*$!
{
	archiveVersion = 1;
	classes = {
	};
	objectVersion = 46;
	objects = {

/* Begin PBXBuildFile section */
		C125931F19DA2838008CFF64 /* Foundation.framework in Frameworks */ = {isa = PBXBuildFile; fileRef = C125931E19DA2838008CFF64 /* Foundation.framework */; };
		C125932119DA2838008CFF64 /* CoreGraphics.framework in Frameworks */ = {isa = PBXBuildFile; fileRef = C125932019DA2838008CFF64 /* CoreGraphics.framework */; };
		C125932319DA2838008CFF64 /* UIKit.framework in Frameworks */ = {isa = PBXBuildFile; fileRef = C125932219DA2838008CFF64 /* UIKit.framework */; };
		C125932919DA2838008CFF64 /* InfoPlist.strings in Resources */ = {isa = PBXBuildFile; fileRef = C125932719DA2838008CFF64 /* InfoPlist.strings */; };
		C125932B19DA2838008CFF64 /* main.m in Sources */ = {isa = PBXBuildFile; fileRef = C125932A19DA2838008CFF64 /* main.m */; };
		C125932F19DA2838008CFF64 /* AppDelegate.m in Sources */ = {isa = PBXBuildFile; fileRef = C125932E19DA2838008CFF64 /* AppDelegate.m */; };
		C125933119DA2838008CFF64 /* Images.xcassets in Resources */ = {isa = PBXBuildFile; fileRef = C125933019DA2838008CFF64 /* Images.xcassets */; };
		C125933819DA2838008CFF64 /* XCTest.framework in Frameworks */ = {isa = PBXBuildFile; fileRef = C125933719DA2838008CFF64 /* XCTest.framework */; };
		C125933919DA2838008CFF64 /* Foundation.framework in Frameworks */ = {isa = PBXBuildFile; fileRef = C125931E19DA2838008CFF64 /* Foundation.framework */; };
		C125933A19DA2838008CFF64 /* UIKit.framework in Frameworks */ = {isa = PBXBuildFile; fileRef = C125932219DA2838008CFF64 /* UIKit.framework */; };
		C125934219DA2838008CFF64 /* InfoPlist.strings in Resources */ = {isa = PBXBuildFile; fileRef = C125934019DA2838008CFF64 /* InfoPlist.strings */; };
		C125934419DA2838008CFF64 /* __Tests.m in Sources */ = {isa = PBXBuildFile; fileRef = C125934319DA2838008CFF64 /* __Tests.m */; };
		C125935219DA28DE008CFF64 /* ViewController.m in Sources */ = {isa = PBXBuildFile; fileRef = C125935119DA28DE008CFF64 /* ViewController.m */; };
		C18A508119DA483D00B7A09A /* MyButton.m in Sources */ = {isa = PBXBuildFile; fileRef = C18A508019DA483D00B7A09A /* MyButton.m */; };
		C18A508319DA49A500B7A09A /* ViewController.xib in Resources */ = {isa = PBXBuildFile; fileRef = C18A508219DA49A500B7A09A /* ViewController.xib */; };
/* End PBXBuildFile section */

/* Begin PBXContainerItemProxy section */
		C125933B19DA2838008CFF64 /* PBXContainerItemProxy */ = {
			isa = PBXContainerItemProxy;
			containerPortal = C125931319DA2838008CFF64 /* Project object */;
			proxyType = 1;
			remoteGlobalIDString = C125931A19DA2838008CFF64;
			remoteInfo = "扫雷";
		};
/* End PBXContainerItemProxy section */

/* Begin PBXFileReference section */
		C125931B19DA2838008CFF64 /* 扫雷.app */ = {isa = PBXFileReference; explicitFileType = wrapper.application; includeInIndex = 0; path = "扫雷.app"; sourceTree = BUILT_PRODUCTS_DIR; };
		C125931E19DA2838008CFF64 /* Foundation.framework */ = {isa = PBXFileReference; lastKnownFileType = wrapper.framework; name = Foundation.framework; path = System/Library/Frameworks/Foundation.framework; sourceTree = SDKROOT; };
		C125932019DA2838008CFF64 /* CoreGraphics.framework */ = {isa = PBXFileReference; lastKnownFileType = wrapper.framework; name = CoreGraphics.framework; path = System/Library/Frameworks/CoreGraphics.framework; sourceTree = SDKROOT; };
		C125932219DA2838008CFF64 /* UIKit.framework */ = {isa = PBXFileReference; lastKnownFileType = wrapper.framework; name = UIKit.framework; path = System/Library/Frameworks/UIKit.framework; sourceTree = SDKROOT; };
		C125932619DA2838008CFF64 /* 扫雷-Info.plist */ = {isa = PBXFileReference; lastKnownFileType = text.plist.xml; path = "扫雷-Info.plist"; sourceTree = "<group>"; };
		C125932819DA2838008CFF64 /* en */ = {isa = PBXFileReference; lastKnownFileType = text.plist.strings; name = en; path = en.lproj/InfoPlist.strings; sourceTree = "<group>"; };
		C125932A19DA2838008CFF64 /* main.m */ = {isa = PBXFileReference; lastKnownFileType = sourcecode.c.objc; path = main.m; sourceTree = "<group>"; };
		C125932C19DA2838008CFF64 /* 扫雷-Prefix.pch */ = {isa = PBXFileReference; lastKnownFileType = sourcecode.c.h; path = "扫雷-Prefix.pch"; sourceTree = "<group>"; };
		C125932D19DA2838008CFF64 /* AppDelegate.h */ = {isa = PBXFileReference; lastKnownFileType = sourcecode.c.h; path = AppDelegate.h; sourceTree = "<group>"; };
		C125932E19DA2838008CFF64 /* AppDelegate.m */ = {isa = PBXFileReference; lastKnownFileType = sourcecode.c.objc; path = AppDelegate.m; sourceTree = "<group>"; };
		C125933019DA2838008CFF64 /* Images.xcassets */ = {isa = PBXFileReference; lastKnownFileType = folder.assetcatalog; path = Images.xcassets; sourceTree = "<group>"; };
		C125933619DA2838008CFF64 /* 扫雷Tests.xctest */ = {isa = PBXFileReference; explicitFileType = wrapper.cfbundle; includeInIndex = 0; path = "扫雷Tests.xctest"; sourceTree = BUILT_PRODUCTS_DIR; };
		C125933719DA2838008CFF64 /* XCTest.framework */ = {isa = PBXFileReference; lastKnownFileType = wrapper.framework; name = XCTest.framework; path = Library/Frameworks/XCTest.framework; sourceTree = DEVELOPER_DIR; };
		C125933F19DA2838008CFF64 /* 扫雷Tests-Info.plist */ = {isa = PBXFileReference; lastKnownFileType = text.plist.xml; path = "扫雷Tests-Info.plist"; sourceTree = "<group>"; };
		C125934119DA2838008CFF64 /* en */ = {isa = PBXFileReference; lastKnownFileType = text.plist.strings; name = en; path = en.lproj/InfoPlist.strings; sourceTree = "<group>"; };
		C125934319DA2838008CFF64 /* __Tests.m */ = {isa = PBXFileReference; lastKnownFileType = sourcecode.c.objc; path = __Tests.m; sourceTree = "<group>"; };
		C125935019DA28DE008CFF64 /* ViewController.h */ = {isa = PBXFileReference; fileEncoding = 4; lastKnownFileType = sourcecode.c.h; path = ViewController.h; sourceTree = "<group>"; };
		C125935119DA28DE008CFF64 /* ViewController.m */ = {isa = PBXFileReference; fileEncoding = 4; lastKnownFileType = sourcecode.c.objc; path = ViewController.m; sourceTree = "<group>"; };
		C18A507F19DA483D00B7A09A /* MyButton.h */ = {isa = PBXFileReference; fileEncoding = 4; lastKnownFileType = sourcecode.c.h; path = MyButton.h; sourceTree = "<group>"; };
		C18A508019DA483D00B7A09A /* MyButton.m */ = {isa = PBXFileReference; fileEncoding = 4; lastKnownFileType = sourcecode.c.objc; path = MyButton.m; sourceTree = "<group>"; };
		C18A508219DA49A500B7A09A /* ViewController.xib */ = {isa = PBXFileReference; fileEncoding = 4; lastKnownFileType = file.xib; path = ViewController.xib; sourceTree = "<group>"; };
/* End PBXFileReference section */

/* Begin PBXFrameworksBuildPhase section */
		C125931819DA2838008CFF64 /* Frameworks */ = {
			isa = PBXFrameworksBuildPhase;
			buildActionMask = 2147483647;
			files = (
				C125932119DA2838008CFF64 /* CoreGraphics.framework in Frameworks */,
				C125932319DA2838008CFF64 /* UIKit.framework in Frameworks */,
				C125931F19DA2838008CFF64 /* Foundation.framework in Frameworks */,
			);
			runOnlyForDeploymentPostprocessing = 0;
		};
		C125933319DA2838008CFF64 /* Frameworks */ = {
			isa = PBXFrameworksBuildPhase;
			buildActionMask = 2147483647;
			files = (
				C125933819DA2838008CFF64 /* XCTest.framework in Frameworks */,
				C125933A19DA2838008CFF64 /* UIKit.framework in Frameworks */,
				C125933919DA2838008CFF64 /* Foundation.framework in Frameworks */,
			);
			runOnlyForDeploymentPostprocessing = 0;
		};
/* End PBXFrameworksBuildPhase section */

/* Begin PBXGroup section */
		C125931219DA2838008CFF64 = {
			isa = PBXGroup;
			children = (
				C125932419DA2838008CFF64 /* 扫雷 */,
				C125933D19DA2838008CFF64 /* 扫雷Tests */,
				C125931D19DA2838008CFF64 /* Frameworks */,
				C125931C19DA2838008CFF64 /* Products */,
			);
			sourceTree = "<group>";
		};
		C125931C19DA2838008CFF64 /* Products */ = {
			isa = PBXGroup;
			children = (
				C125931B19DA2838008CFF64 /* 扫雷.app */,
				C125933619DA2838008CFF64 /* 扫雷Tests.xctest */,
			);
			name = Products;
			sourceTree = "<group>";
		};
		C125931D19DA2838008CFF64 /* Frameworks */ = {
			isa = PBXGroup;
			children = (
				C125931E19DA2838008CFF64 /* Foundation.framework */,
				C125932019DA2838008CFF64 /* CoreGraphics.framework */,
				C125932219DA2838008CFF64 /* UIKit.framework */,
				C125933719DA2838008CFF64 /* XCTest.framework */,
			);
			name = Frameworks;
			sourceTree = "<group>";
		};
		C125932419DA2838008CFF64 /* 扫雷 */ = {
			isa = PBXGroup;
			children = (
				C125932D19DA2838008CFF64 /* AppDelegate.h */,
				C125932E19DA2838008CFF64 /* AppDelegate.m */,
				C125933019DA2838008CFF64 /* Images.xcassets */,
				C125932519DA2838008CFF64 /* Supporting Files */,
				C125935019DA28DE008CFF64 /* ViewController.h */,
				C125935119DA28DE008CFF64 /* ViewController.m */,
				C18A508219DA49A500B7A09A /* ViewController.xib */,
				C18A507F19DA483D00B7A09A /* MyButton.h */,
				C18A508019DA483D00B7A09A /* MyButton.m */,
			);
			path = "扫雷";
			sourceTree = "<group>";
		};
		C125932519DA2838008CFF64 /* Supporting Files */ = {
			isa = PBXGroup;
			children = (
				C125932619DA2838008CFF64 /* 扫雷-Info.plist */,
				C125932719DA2838008CFF64 /* InfoPlist.strings */,
				C125932A19DA2838008CFF64 /* main.m */,
				C125932C19DA2838008CFF64 /* 扫雷-Prefix.pch */,
			);
			name = "Supporting Files";
			sourceTree = "<group>";
		};
		C125933D19DA2838008CFF64 /* 扫雷Tests */ = {
			isa = PBXGroup;
			children = (
				C125934319DA2838008CFF64 /* __Tests.m */,
				C125933E19DA2838008CFF64 /* Supporting Files */,
			);
			path = "扫雷Tests";
			sourceTree = "<group>";
		};
		C125933E19DA2838008CFF64 /* Supporting Files */ = {
			isa = PBXGroup;
			children = (
				C125933F19DA2838008CFF64 /* 扫雷Tests-Info.plist */,
				C125934019DA2838008CFF64 /* InfoPlist.strings */,
			);
			name = "Supporting Files";
			sourceTree = "<group>";
		};
/* End PBXGroup section */

/* Begin PBXNativeTarget section */
		C125931A19DA2838008CFF64 /* 扫雷 */ = {
			isa = PBXNativeTarget;
			buildConfigurationList = C125934719DA2838008CFF64 /* Build configuration list for PBXNativeTarget "扫雷" */;
			buildPhases = (
				C125931719DA2838008CFF64 /* Sources */,
				C125931819DA2838008CFF64 /* Frameworks */,
				C125931919DA2838008CFF64 /* Resources */,
			);
			buildRules = (
			);
			dependencies = (
			);
			name = "扫雷";
			productName = "扫雷";
			productReference = C125931B19DA2838008CFF64 /* 扫雷.app */;
			productType = "com.apple.product-type.application";
		};
		C125933519DA2838008CFF64 /* 扫雷Tests */ = {
			isa = PBXNativeTarget;
			buildConfigurationList = C125934A19DA2838008CFF64 /* Build configuration list for PBXNativeTarget "扫雷Tests" */;
			buildPhases = (
				C125933219DA2838008CFF64 /* Sources */,
				C125933319DA2838008CFF64 /* Frameworks */,
				C125933419DA2838008CFF64 /* Resources */,
			);
			buildRules = (
			);
			dependencies = (
				C125933C19DA2838008CFF64 /* PBXTargetDependency */,
			);
			name = "扫雷Tests";
			productName = "扫雷Tests";
			productReference = C125933619DA2838008CFF64 /* 扫雷Tests.xctest */;
			productType = "com.apple.product-type.bundle.unit-test";
		};
/* End PBXNativeTarget section */

/* Begin PBXProject section */
		C125931319DA2838008CFF64 /* Project object */ = {
			isa = PBXProject;
			attributes = {
				LastUpgradeCheck = 0510;
				ORGANIZATIONNAME = Azusa;
				TargetAttributes = {
					C125933519DA2838008CFF64 = {
						TestTargetID = C125931A19DA2838008CFF64;
					};
				};
			};
			buildConfigurationList = C125931619DA2838008CFF64 /* Build configuration list for PBXProject "扫雷" */;
			compatibilityVersion = "Xcode 3.2";
			developmentRegion = English;
			hasScannedForEncodings = 0;
			knownRegions = (
				en,
			);
			mainGroup = C125931219DA2838008CFF64;
			productRefGroup = C125931C19DA2838008CFF64 /* Products */;
			projectDirPath = "";
			projectRoot = "";
			targets = (
				C125931A19DA2838008CFF64 /* 扫雷 */,
				C125933519DA2838008CFF64 /* 扫雷Tests */,
			);
		};
/* End PBXProject section */

/* Begin PBXResourcesBuildPhase section */
		C125931919DA2838008CFF64 /* Resources */ = {
			isa = PBXResourcesBuildPhase;
			buildActionMask = 2147483647;
			files = (
				C125932919DA2838008CFF64 /* InfoPlist.strings in Resources */,
				C18A508319DA49A500B7A09A /* ViewController.xib in Resources */,
				C125933119DA2838008CFF64 /* Images.xcassets in Resources */,
			);
			runOnlyForDeploymentPostprocessing = 0;
		};
		C125933419DA2838008CFF64 /* Resources */ = {
			isa = PBXResourcesBuildPhase;
			buildActionMask = 2147483647;
			files = (
				C125934219DA2838008CFF64 /* InfoPlist.strings in Resources */,
			);
			runOnlyForDeploymentPostprocessing = 0;
		};
/* End PBXResourcesBuildPhase section */

/* Begin PBXSourcesBuildPhase section */
		C125931719DA2838008CFF64 /* Sources */ = {
			isa = PBXSourcesBuildPhase;
			buildActionMask = 2147483647;
			files = (
				C125935219DA28DE008CFF64 /* ViewController.m in Sources */,
				C125932F19DA2838008CFF64 /* AppDelegate.m in Sources */,
				C125932B19DA2838008CFF64 /* main.m in Sources */,
				C18A508119DA483D00B7A09A /* MyButton.m in Sources */,
			);
			runOnlyForDeploymentPostprocessing = 0;
		};
		C125933219DA2838008CFF64 /* Sources */ = {
			isa = PBXSourcesBuildPhase;
			buildActionMask = 2147483647;
			files = (
				C125934419DA2838008CFF64 /* __Tests.m in Sources */,
			);
			runOnlyForDeploymentPostprocessing = 0;
		};
/* End PBXSourcesBuildPhase section */

/* Begin PBXTargetDependency section */
		C125933C19DA2838008CFF64 /* PBXTargetDependency */ = {
			isa = PBXTargetDependency;
			target = C125931A19DA2838008CFF64 /* 扫雷 */;
			targetProxy = C125933B19DA2838008CFF64 /* PBXContainerItemProxy */;
		};
/* End PBXTargetDependency section */

/* Begin PBXVariantGroup section */
		C125932719DA2838008CFF64 /* InfoPlist.strings */ = {
			isa = PBXVariantGroup;
			children = (
				C125932819DA2838008CFF64 /* en */,
			);
			name = InfoPlist.strings;
			sourceTree = "<group>";
		};
		C125934019DA2838008CFF64 /* InfoPlist.strings */ = {
			isa = PBXVariantGroup;
			children = (
				C125934119DA2838008CFF64 /* en */,
			);
			name = InfoPlist.strings;
			sourceTree = "<group>";
		};
/* End PBXVariantGroup section */

/* Begin XCBuildConfiguration section */
		C125934519DA2838008CFF64 /* Debug */ = {
			isa = XCBuildConfiguration;
			buildSettings = {
				ALWAYS_SEARCH_USER_PATHS = NO;
				CLANG_CXX_LANGUAGE_STANDARD = "gnu++0x";
				CLANG_CXX_LIBRARY = "libc++";
				CLANG_ENABLE_MODULES = YES;
				CLANG_ENABLE_OBJC_ARC = YES;
				CLANG_WARN_BOOL_CONVERSION = YES;
				CLANG_WARN_CONSTANT_CONVERSION = YES;
				CLANG_WARN_DIRECT_OBJC_ISA_USAGE = YES_ERROR;
				CLANG_WARN_EMPTY_BODY = YES;
				CLANG_WARN_ENUM_CONVERSION = YES;
				CLANG_WARN_INT_CONVERSION = YES;
				CLANG_WARN_OBJC_ROOT_CLASS = YES_ERROR;
				CLANG_WARN__DUPLICATE_METHOD_MATCH = YES;
				"CODE_SIGN_IDENTITY[sdk=iphoneos*]" = "iPhone Developer";
				COPY_PHASE_STRIP = NO;
				GCC_C_LANGUAGE_STANDARD = gnu99;
				GCC_DYNAMIC_NO_PIC = NO;
				GCC_OPTIMIZATION_LEVEL = 0;
				GCC_PREPROCESSOR_DEFINITIONS = (
					"DEBUG=1",
					"$(inherited)",
				);
				GCC_SYMBOLS_PRIVATE_EXTERN = NO;
				GCC_WARN_64_TO_32_BIT_CONVERSION = YES;
				GCC_WARN_ABOUT_RETURN_TYPE = YES_ERROR;
				GCC_WARN_UNDECLARED_SELECTOR = YES;
				GCC_WARN_UNINITIALIZED_AUTOS = YES_AGGRESSIVE;
				GCC_WARN_UNUSED_FUNCTION = YES;
				GCC_WARN_UNUSED_VARIABLE = YES;
				IPHONEOS_DEPLOYMENT_TARGET = 7.1;
				ONLY_ACTIVE_ARCH = YES;
				SDKROOT = iphoneos;
			};
			name = Debug;
		};
		C125934619DA2838008CFF64 /* Release */ = {
			isa = XCBuildConfiguration;
			buildSettings = {
				ALWAYS_SEARCH_USER_PATHS = NO;
				CLANG_CXX_LANGUAGE_STANDARD = "gnu++0x";
				CLANG_CXX_LIBRARY = "libc++";
				CLANG_ENABLE_MODULES = YES;
				CLANG_ENABLE_OBJC_ARC = YES;
				CLANG_WARN_BOOL_CONVERSION = YES;
				CLANG_WARN_CONSTANT_CONVERSION = YES;
				CLANG_WARN_DIRECT_OBJC_ISA_USAGE = YES_ERROR;
				CLANG_WARN_EMPTY_BODY = YES;
				CLANG_WARN_ENUM_CONVERSION = YES;
				CLANG_WARN_INT_CONVERSION = YES;
				CLANG_WARN_OBJC_ROOT_CLASS = YES_ERROR;
				CLANG_WARN__DUPLICATE_METHOD_MATCH = YES;
				"CODE_SIGN_IDENTITY[sdk=iphoneos*]" = "iPhone Developer";
				COPY_PHASE_STRIP = YES;
				ENABLE_NS_ASSERTIONS = NO;
				GCC_C_LANGUAGE_STANDARD = gnu99;
				GCC_WARN_64_TO_32_BIT_CONVERSION = YES;
				GCC_WARN_ABOUT_RETURN_TYPE = YES_ERROR;
				GCC_WARN_UNDECLARED_SELECTOR = YES;
				GCC_WARN_UNINITIALIZED_AUTOS = YES_AGGRESSIVE;
				GCC_WARN_UNUSED_FUNCTION = YES;
				GCC_WARN_UNUSED_VARIABLE = YES;
				IPHONEOS_DEPLOYMENT_TARGET = 7.1;
				SDKROOT = iphoneos;
				VALIDATE_PRODUCT = YES;
			};
			name = Release;
		};
		C125934819DA2838008CFF64 /* Debug */ = {
			isa = XCBuildConfiguration;
			buildSettings = {
				ASSETCATALOG_COMPILER_APPICON_NAME = AppIcon;
				ASSETCATALOG_COMPILER_LAUNCHIMAGE_NAME = LaunchImage;
				GCC_PRECOMPILE_PREFIX_HEADER = YES;
				GCC_PREFIX_HEADER = "扫雷/扫雷-Prefix.pch";
				INFOPLIST_FILE = "扫雷/扫雷-Info.plist";
				PRODUCT_NAME = "$(TARGET_NAME)";
				WRAPPER_EXTENSION = app;
			};
			name = Debug;
		};
		C125934919DA2838008CFF64 /* Release */ = {
			isa = XCBuildConfiguration;
			buildSettings = {
				ASSETCATALOG_COMPILER_APPICON_NAME = AppIcon;
				ASSETCATALOG_COMPILER_LAUNCHIMAGE_NAME = LaunchImage;
				GCC_PRECOMPILE_PREFIX_HEADER = YES;
				GCC_PREFIX_HEADER = "扫雷/扫雷-Prefix.pch";
				INFOPLIST_FILE = "扫雷/扫雷-Info.plist";
				PRODUCT_NAME = "$(TARGET_NAME)";
				WRAPPER_EXTENSION = app;
			};
			name = Release;
		};
		C125934B19DA2838008CFF64 /* Debug */ = {
			isa = XCBuildConfiguration;
			buildSettings = {
				BUNDLE_LOADER = "$(BUILT_PRODUCTS_DIR)/扫雷.app/扫雷";
				FRAMEWORK_SEARCH_PATHS = (
					"$(SDKROOT)/Developer/Library/Frameworks",
					"$(inherited)",
					"$(DEVELOPER_FRAMEWORKS_DIR)",
				);
				GCC_PRECOMPILE_PREFIX_HEADER = YES;
				GCC_PREFIX_HEADER = "扫雷/扫雷-Prefix.pch";
				GCC_PREPROCESSOR_DEFINITIONS = (
					"DEBUG=1",
					"$(inherited)",
				);
				INFOPLIST_FILE = "扫雷Tests/扫雷Tests-Info.plist";
				PRODUCT_NAME = "$(TARGET_NAME)";
				TEST_HOST = "$(BUNDLE_LOADER)";
				WRAPPER_EXTENSION = xctest;
			};
			name = Debug;
		};
		C125934C19DA2838008CFF64 /* Release */ = {
			isa = XCBuildConfiguration;
			buildSettings = {
				BUNDLE_LOADER = "$(BUILT_PRODUCTS_DIR)/扫雷.app/扫雷";
				FRAMEWORK_SEARCH_PATHS = (
					"$(SDKROOT)/Developer/Library/Frameworks",
					"$(inherited)",
					"$(DEVELOPER_FRAMEWORKS_DIR)",
				);
				GCC_PRECOMPILE_PREFIX_HEADER = YES;
				GCC_PREFIX_HEADER = "扫雷/扫雷-Prefix.pch";
				INFOPLIST_FILE = "扫雷Tests/扫雷Tests-Info.plist";
				PRODUCT_NAME = "$(TARGET_NAME)";
				TEST_HOST = "$(BUNDLE_LOADER)";
				WRAPPER_EXTENSION = xctest;
			};
			name = Release;
		};
/* End XCBuildConfiguration section */

/* Begin XCConfigurationList section */
		C125931619DA2838008CFF64 /* Build configuration list for PBXProject "扫雷" */ = {
			isa = XCConfigurationList;
			buildConfigurations = (
				C125934519DA2838008CFF64 /* Debug */,
				C125934619DA2838008CFF64 /* Release */,
			);
			defaultConfigurationIsVisible = 0;
			defaultConfigurationName = Release;
		};
		C125934719DA2838008CFF64 /* Build configuration list for PBXNativeTarget "扫雷" */ = {
			isa = XCConfigurationList;
			buildConfigurations = (
				C125934819DA2838008CFF64 /* Debug */,
				C125934919DA2838008CFF64 /* Release */,
			);
			defaultConfigurationIsVisible = 0;
			defaultConfigurationName = Release;
		};
		C125934A19DA2838008CFF64 /* Build configuration list for PBXNativeTarget "扫雷Tests" */ = {
			isa = XCConfigurationList;
			buildConfigurations = (
				C125934B19DA2838008CFF64 /* Debug */,
				C125934C19DA2838008CFF64 /* Release */,
			);
			defaultConfigurationIsVisible = 0;
			defaultConfigurationName = Release;
		};
/* End XCConfigurationList section */
	};
	rootObject = C125931319DA2838008CFF64 /* Project object */;
}
